
Microsoft Visual Studio Solution File, Format Version 12.00
# Visual Studio Version 17
VisualStudioVersion = 17.0.31912.275
MinimumVisualStudioVersion = 10.0.40219.1
Project("{2150E333-8FDC-42A3-9474-1A3956D46DE8}") = "src", "src", "{ED6C15B9-2546-4CAD-9CA6-5A823C38A191}"
EndProject
Project("{FAE04EC0-301F-11D3-BF4B-00C04F79EFBC}") = "Theatre.Application", "Src\Theatre.Application\Theatre.Application.csproj", "{FD5C3238-BA0B-4C81-B4D6-CAF2CAB9CAB2}"
EndProject
Project("{FAE04EC0-301F-11D3-BF4B-00C04F79EFBC}") = "Theatre.Infrastructure", "Src\Theatre.Infrastructure\Theatre.Infrastructure.csproj", "{A691F661-356C-4534-B233-FBB817AC945B}"
EndProject
Project("{FAE04EC0-301F-11D3-BF4B-00C04F79EFBC}") = "Theatre.Domain", "Src\Theatre.Domain\Theatre.Domain.csproj", "{1069E934-52E1-456E-B161-7AD4DEB33B51}"
EndProject
Project("{FAE04EC0-301F-11D3-BF4B-00C04F79EFBC}") = "Theatre.API", "Src\Theatre.API\Theatre.API.csproj", "{C59997CA-6CB8-4F66-B55F-3E5B20627A84}"
EndProject
Global
	GlobalSection(SolutionConfigurationPlatforms) = preSolution
		Debug|Any CPU = Debug|Any CPU
		Release|Any CPU = Release|Any CPU
	EndGlobalSection
	GlobalSection(ProjectConfigurationPlatforms) = postSolution
		{FD5C3238-BA0B-4C81-B4D6-CAF2CAB9CAB2}.Debug|Any CPU.ActiveCfg = Debug|Any CPU
		{FD5C3238-BA0B-4C81-B4D6-CAF2CAB9CAB2}.Debug|Any CPU.Build.0 = Debug|Any CPU
		{FD5C3238-BA0B-4C81-B4D6-CAF2CAB9CAB2}.Release|Any CPU.ActiveCfg = Release|Any CPU
		{FD5C3238-BA0B-4C81-B4D6-CAF2CAB9CAB2}.Release|Any CPU.Build.0 = Release|Any CPU
		{A691F661-356C-4534-B233-FBB817AC945B}.Debug|Any CPU.ActiveCfg = Debug|Any CPU
		{A691F661-356C-4534-B233-FBB817AC945B}.Debug|Any CPU.Build.0 = Debug|Any CPU
		{A691F661-356C-4534-B233-FBB817AC945B}.Release|Any CPU.ActiveCfg = Release|Any CPU
		{A691F661-356C-4534-B233-FBB817AC945B}.Release|Any CPU.Build.0 = Release|Any CPU
		{1069E934-52E1-456E-B161-7AD4DEB33B51}.Debug|Any CPU.ActiveCfg = Debug|Any CPU
		{1069E934-52E1-456E-B161-7AD4DEB33B51}.Debug|Any CPU.Build.0 = Debug|Any CPU
		{1069E934-52E1-456E-B161-7AD4DEB33B51}.Release|Any CPU.ActiveCfg = Release|Any CPU
		{1069E934-52E1-456E-B161-7AD4DEB33B51}.Release|Any CPU.Build.0 = Release|Any CPU
		{C59997CA-6CB8-4F66-B55F-3E5B20627A84}.Debug|Any CPU.ActiveCfg = Debug|Any CPU
		{C59997CA-6CB8-4F66-B55F-3E5B20627A84}.Debug|Any CPU.Build.0 = Debug|Any CPU
		{C59997CA-6CB8-4F66-B55F-3E5B20627A84}.Release|Any CPU.ActiveCfg = Release|Any CPU
		{C59997CA-6CB8-4F66-B55F-3E5B20627A84}.Release|Any CPU.Build.0 = Release|Any CPU
	EndGlobalSection
	GlobalSection(SolutionProperties) = preSolution
		HideSolutionNode = FALSE
	EndGlobalSection
	GlobalSection(NestedProjects) = preSolution
		{FD5C3238-BA0B-4C81-B4D6-CAF2CAB9CAB2} = {ED6C15B9-2546-4CAD-9CA6-5A823C38A191}
		{A691F661-356C-4534-B233-FBB817AC945B} = {ED6C15B9-2546-4CAD-9CA6-5A823C38A191}
		{1069E934-52E1-456E-B161-7AD4DEB33B51} = {ED6C15B9-2546-4CAD-9CA6-5A823C38A191}
		{C59997CA-6CB8-4F66-B55F-3E5B20627A84} = {ED6C15B9-2546-4CAD-9CA6-5A823C38A191}
	EndGlobalSection
	GlobalSection(ExtensibilityGlobals) = postSolution
		SolutionGuid = {6939ED8B-2F4B-4777-B436-379456025D03}
	EndGlobalSection
EndGlobal
